
Microsoft Visual Studio Solution File, Format Version 12.00
# Visual Studio Version 17
VisualStudioVersion = 17.0.32112.339
MinimumVisualStudioVersion = 10.0.40219.1
Project("{FAE04EC0-301F-11D3-BF4B-00C04F79EFBC}") = "EYChallenge", "EYChallenge\EYChallenge.csproj", "{0840D4B4-6163-425A-B9C2-537E0630B382}"
EndProject
Global
	GlobalSection(SolutionConfigurationPlatforms) = preSolution
		Debug|Any CPU = Debug|Any CPU
		Release|Any CPU = Release|Any CPU
	EndGlobalSection
	GlobalSection(ProjectConfigurationPlatforms) = postSolution
		{0840D4B4-6163-425A-B9C2-537E0630B382}.Debug|Any CPU.ActiveCfg = Debug|Any CPU
		{0840D4B4-6163-425A-B9C2-537E0630B382}.Debug|Any CPU.Build.0 = Debug|Any CPU
		{0840D4B4-6163-425A-B9C2-537E0630B382}.Release|Any CPU.ActiveCfg = Release|Any CPU
		{0840D4B4-6163-425A-B9C2-537E0630B382}.Release|Any CPU.Build.0 = Release|Any CPU
	EndGlobalSection
	GlobalSection(SolutionProperties) = preSolution
		HideSolutionNode = FALSE
	EndGlobalSection
	GlobalSection(ExtensibilityGlobals) = postSolution
		SolutionGuid = {598FD684-5903-41BD-ADFD-F092DDE65AD2}
	EndGlobalSection
EndGlobal
